// !$*UTF8*$!
{
	archiveVersion = 1;
	classes = {
	};
	objectVersion = 50;
	objects = {

/* Begin PBXBuildFile section */
		920D55882214F843005A839D /* NamedLocation.swift in Sources */ = {isa = PBXBuildFile; fileRef = 920D55872214F843005A839D /* NamedLocation.swift */; };
		920D558A2215005E005A839D /* Group.swift in Sources */ = {isa = PBXBuildFile; fileRef = 920D55892215005E005A839D /* Group.swift */; };
		920D559122150E06005A839D /* Category.swift in Sources */ = {isa = PBXBuildFile; fileRef = 920D559022150E06005A839D /* Category.swift */; };
		920D559322154CE0005A839D /* FormParameterEncoder.swift in Sources */ = {isa = PBXBuildFile; fileRef = 920D559222154CE0005A839D /* FormParameterEncoder.swift */; };
		920D559522155432005A839D /* Media.swift in Sources */ = {isa = PBXBuildFile; fileRef = 920D559422155432005A839D /* Media.swift */; };
		920D55992217A29E005A839D /* UIViewExtension.swift in Sources */ = {isa = PBXBuildFile; fileRef = 920D55982217A29E005A839D /* UIViewExtension.swift */; };
		92233104220299E300302E77 /* ProfileViewController.swift in Sources */ = {isa = PBXBuildFile; fileRef = 92233103220299E300302E77 /* ProfileViewController.swift */; };
		922E80282203AD0400B797A2 /* TextViewController.swift in Sources */ = {isa = PBXBuildFile; fileRef = 922E80272203AD0400B797A2 /* TextViewController.swift */; };
		922E802A2203B38200B797A2 /* ChooseLocationViewController.swift in Sources */ = {isa = PBXBuildFile; fileRef = 922E80292203B38200B797A2 /* ChooseLocationViewController.swift */; };
		9238827521FE929E00F3AD29 /* DestructiveConfirmationPresenter.swift in Sources */ = {isa = PBXBuildFile; fileRef = 9238827221FE929E00F3AD29 /* DestructiveConfirmationPresenter.swift */; };
		9238827621FE929E00F3AD29 /* ConfirmationPresenter.swift in Sources */ = {isa = PBXBuildFile; fileRef = 9238827321FE929E00F3AD29 /* ConfirmationPresenter.swift */; };
		9238827721FE929E00F3AD29 /* OkPresenter.swift in Sources */ = {isa = PBXBuildFile; fileRef = 9238827421FE929E00F3AD29 /* OkPresenter.swift */; };
		9238827921FE96B500F3AD29 /* UIColorExtension.swift in Sources */ = {isa = PBXBuildFile; fileRef = 9238827821FE96B500F3AD29 /* UIColorExtension.swift */; };
		9238827B21FE9B0100F3AD29 /* FilledButton.swift in Sources */ = {isa = PBXBuildFile; fileRef = 9238827A21FE9B0100F3AD29 /* FilledButton.swift */; };
		9238827D21FEA1C800F3AD29 /* Utility.swift in Sources */ = {isa = PBXBuildFile; fileRef = 9238827C21FEA1C800F3AD29 /* Utility.swift */; };
		92758D4621F2C63A00E06465 /* AppDelegate.swift in Sources */ = {isa = PBXBuildFile; fileRef = 92758D4521F2C63A00E06465 /* AppDelegate.swift */; };
		92758D4D21F2C63B00E06465 /* Assets.xcassets in Resources */ = {isa = PBXBuildFile; fileRef = 92758D4C21F2C63B00E06465 /* Assets.xcassets */; };
		92758D5021F2C63B00E06465 /* LaunchScreen.storyboard in Resources */ = {isa = PBXBuildFile; fileRef = 92758D4E21F2C63B00E06465 /* LaunchScreen.storyboard */; };
		92758D6221F2D01A00E06465 /* ModelPlaceholderFile in Resources */ = {isa = PBXBuildFile; fileRef = 92758D6121F2D01A00E06465 /* ModelPlaceholderFile */; };
		92758D6821F2E8B800E06465 /* EventView.swift in Sources */ = {isa = PBXBuildFile; fileRef = 92758D6721F2E8B800E06465 /* EventView.swift */; };
		92758D8921F2F54C00E06465 /* CalendarTableViewCell.swift in Sources */ = {isa = PBXBuildFile; fileRef = 92758D8821F2F54C00E06465 /* CalendarTableViewCell.swift */; };
		92758D8C21F2F8D600E06465 /* TextPlaceholderView.swift in Sources */ = {isa = PBXBuildFile; fileRef = 92758D8B21F2F8D600E06465 /* TextPlaceholderView.swift */; };
		927A231A2205431C00CA9041 /* ProfilePhotoEditorView.swift in Sources */ = {isa = PBXBuildFile; fileRef = 927A23192205431C00CA9041 /* ProfilePhotoEditorView.swift */; };
		927A233C2205705200CA9041 /* UIImageViewExtension.swift in Sources */ = {isa = PBXBuildFile; fileRef = 927A233B2205705200CA9041 /* UIImageViewExtension.swift */; };
		927A2348220590DF00CA9041 /* ImageOptionsGiver.swift in Sources */ = {isa = PBXBuildFile; fileRef = 927A2347220590DF00CA9041 /* ImageOptionsGiver.swift */; };
		92AFFCED2202DCD00076F575 /* ProfileEditorViewController.swift in Sources */ = {isa = PBXBuildFile; fileRef = 92AFFCEC2202DCD00076F575 /* ProfileEditorViewController.swift */; };
		92AFFCEF2202E5EB0076F575 /* TitledTextFieldTableViewCell.swift in Sources */ = {isa = PBXBuildFile; fileRef = 92AFFCEE2202E5EB0076F575 /* TitledTextFieldTableViewCell.swift */; };
		92AFFCF9220396AD0076F575 /* ProfilePhotoEditorView.xib in Resources */ = {isa = PBXBuildFile; fileRef = 92AFFCF8220396AD0076F575 /* ProfilePhotoEditorView.xib */; };
		92BCA40621FE90E8003DB8A5 /* PleaseWaitView.swift in Sources */ = {isa = PBXBuildFile; fileRef = 92BCA40521FE90E8003DB8A5 /* PleaseWaitView.swift */; };
		92BFC32F21F6E33100BE4FEE /* EndPointType.swift in Sources */ = {isa = PBXBuildFile; fileRef = 92BFC32E21F6E33100BE4FEE /* EndPointType.swift */; };
		92BFC33121F6E38D00BE4FEE /* HTTPMethod.swift in Sources */ = {isa = PBXBuildFile; fileRef = 92BFC33021F6E38D00BE4FEE /* HTTPMethod.swift */; };
		92BFC33321F6E3D600BE4FEE /* HTTPTask.swift in Sources */ = {isa = PBXBuildFile; fileRef = 92BFC33221F6E3D600BE4FEE /* HTTPTask.swift */; };
		92BFC33621F6E4C300BE4FEE /* ParameterEncoding.swift in Sources */ = {isa = PBXBuildFile; fileRef = 92BFC33521F6E4C300BE4FEE /* ParameterEncoding.swift */; };
		92BFC33821F6E58500BE4FEE /* URLParameterEncoder.swift in Sources */ = {isa = PBXBuildFile; fileRef = 92BFC33721F6E58500BE4FEE /* URLParameterEncoder.swift */; };
		92BFC33A21F6E82800BE4FEE /* JSONParameterEncoder.swift in Sources */ = {isa = PBXBuildFile; fileRef = 92BFC33921F6E82800BE4FEE /* JSONParameterEncoder.swift */; };
		92BFC33E21F6EA4D00BE4FEE /* Router.swift in Sources */ = {isa = PBXBuildFile; fileRef = 92BFC33D21F6EA4D00BE4FEE /* Router.swift */; };
		92BFC34121F6ED7B00BE4FEE /* NetworkLogger.swift in Sources */ = {isa = PBXBuildFile; fileRef = 92BFC34021F6ED7B00BE4FEE /* NetworkLogger.swift */; };
		92BFC34421F6EDB400BE4FEE /* NetworkEnvironment.swift in Sources */ = {isa = PBXBuildFile; fileRef = 92BFC34321F6EDB400BE4FEE /* NetworkEnvironment.swift */; };
		92BFC34621F6EFDA00BE4FEE /* NetworkManager.swift in Sources */ = {isa = PBXBuildFile; fileRef = 92BFC34521F6EFDA00BE4FEE /* NetworkManager.swift */; };
		92D605BC21F6B3DF006916EE /* DrawCode.swift in Sources */ = {isa = PBXBuildFile; fileRef = 92D605BB21F6B3DF006916EE /* DrawCode.swift */; };
		92D6944A22069A6500A9013E /* DetailedProfilePhotoView.xib in Resources */ = {isa = PBXBuildFile; fileRef = 92D6944922069A6500A9013E /* DetailedProfilePhotoView.xib */; };
		92D6944C22069A8300A9013E /* DetailedProfilePhotoView.swift in Sources */ = {isa = PBXBuildFile; fileRef = 92D6944B22069A8300A9013E /* DetailedProfilePhotoView.swift */; };
		92D6946E220AC3EA00A9013E /* Member.swift in Sources */ = {isa = PBXBuildFile; fileRef = 92D6946D220AC3EA00A9013E /* Member.swift */; };
		92D9A1B421FD6D0400B3E499 /* LoginViewController.swift in Sources */ = {isa = PBXBuildFile; fileRef = 92D9A1AF21FD6D0400B3E499 /* LoginViewController.swift */; };
		92D9A1B521FD6D0400B3E499 /* CalendarViewController.swift in Sources */ = {isa = PBXBuildFile; fileRef = 92D9A1B021FD6D0400B3E499 /* CalendarViewController.swift */; };
		92D9A1B621FD6D0400B3E499 /* RegisterViewController.swift in Sources */ = {isa = PBXBuildFile; fileRef = 92D9A1B121FD6D0400B3E499 /* RegisterViewController.swift */; };
		92D9A1B721FD6D0400B3E499 /* BaseViewController.swift in Sources */ = {isa = PBXBuildFile; fileRef = 92D9A1B221FD6D0400B3E499 /* BaseViewController.swift */; };
		92F8E291220D3F3C009BC667 /* ResetPasswordViewController.swift in Sources */ = {isa = PBXBuildFile; fileRef = 92F8E290220D3F3C009BC667 /* ResetPasswordViewController.swift */; };
		92F8E293220D4025009BC667 /* ButtonTableViewCell.swift in Sources */ = {isa = PBXBuildFile; fileRef = 92F8E292220D4025009BC667 /* ButtonTableViewCell.swift */; };
		92F8E295220D46B6009BC667 /* TextFieldTableViewCell.swift in Sources */ = {isa = PBXBuildFile; fileRef = 92F8E294220D46B6009BC667 /* TextFieldTableViewCell.swift */; };
		E59EA8E52216758000A6F027 /* GroupHeaderView.swift in Sources */ = {isa = PBXBuildFile; fileRef = E59EA8E32216757F00A6F027 /* GroupHeaderView.swift */; };
		E59EA8E62216758000A6F027 /* GroupHeaderView.xib in Resources */ = {isa = PBXBuildFile; fileRef = E59EA8E42216758000A6F027 /* GroupHeaderView.xib */; };
		E59EA8E9221675B000A6F027 /* GroupViewController.swift in Sources */ = {isa = PBXBuildFile; fileRef = E59EA8E7221675B000A6F027 /* GroupViewController.swift */; };
		E59EA8EA221675B000A6F027 /* GroupMembersViewController.swift in Sources */ = {isa = PBXBuildFile; fileRef = E59EA8E8221675B000A6F027 /* GroupMembersViewController.swift */; };
		E59EA8EC2216762700A6F027 /* Event.swift in Sources */ = {isa = PBXBuildFile; fileRef = E59EA8EB2216762700A6F027 /* Event.swift */; };
		E5F6E182221CE66100978CF5 /* GroupEditorViewController.swift in Sources */ = {isa = PBXBuildFile; fileRef = E5F6E181221CE66100978CF5 /* GroupEditorViewController.swift */; };
		E5F6E184221D0FBD00978CF5 /* CategoryViewController.swift in Sources */ = {isa = PBXBuildFile; fileRef = E5F6E183221D0FBD00978CF5 /* CategoryViewController.swift */; };
		E5FE13BA220BDA530040C592 /* FilledButtonTableViewCell.swift in Sources */ = {isa = PBXBuildFile; fileRef = E5FE13B9220BDA530040C592 /* FilledButtonTableViewCell.swift */; };
/* End PBXBuildFile section */

/* Begin PBXFileReference section */
		920D55872214F843005A839D /* NamedLocation.swift */ = {isa = PBXFileReference; lastKnownFileType = sourcecode.swift; path = NamedLocation.swift; sourceTree = "<group>"; };
		920D55892215005E005A839D /* Group.swift */ = {isa = PBXFileReference; lastKnownFileType = sourcecode.swift; path = Group.swift; sourceTree = "<group>"; };
		920D559022150E06005A839D /* Category.swift */ = {isa = PBXFileReference; lastKnownFileType = sourcecode.swift; path = Category.swift; sourceTree = "<group>"; };
		920D559222154CE0005A839D /* FormParameterEncoder.swift */ = {isa = PBXFileReference; lastKnownFileType = sourcecode.swift; path = FormParameterEncoder.swift; sourceTree = "<group>"; };
		920D559422155432005A839D /* Media.swift */ = {isa = PBXFileReference; lastKnownFileType = sourcecode.swift; path = Media.swift; sourceTree = "<group>"; };
		920D55982217A29E005A839D /* UIViewExtension.swift */ = {isa = PBXFileReference; lastKnownFileType = sourcecode.swift; path = UIViewExtension.swift; sourceTree = "<group>"; };
		92233103220299E300302E77 /* ProfileViewController.swift */ = {isa = PBXFileReference; lastKnownFileType = sourcecode.swift; path = ProfileViewController.swift; sourceTree = "<group>"; };
		922E80272203AD0400B797A2 /* TextViewController.swift */ = {isa = PBXFileReference; lastKnownFileType = sourcecode.swift; path = TextViewController.swift; sourceTree = "<group>"; };
		922E80292203B38200B797A2 /* ChooseLocationViewController.swift */ = {isa = PBXFileReference; lastKnownFileType = sourcecode.swift; path = ChooseLocationViewController.swift; sourceTree = "<group>"; };
		9238827221FE929E00F3AD29 /* DestructiveConfirmationPresenter.swift */ = {isa = PBXFileReference; fileEncoding = 4; lastKnownFileType = sourcecode.swift; path = DestructiveConfirmationPresenter.swift; sourceTree = "<group>"; };
		9238827321FE929E00F3AD29 /* ConfirmationPresenter.swift */ = {isa = PBXFileReference; fileEncoding = 4; lastKnownFileType = sourcecode.swift; path = ConfirmationPresenter.swift; sourceTree = "<group>"; };
		9238827421FE929E00F3AD29 /* OkPresenter.swift */ = {isa = PBXFileReference; fileEncoding = 4; lastKnownFileType = sourcecode.swift; path = OkPresenter.swift; sourceTree = "<group>"; };
		9238827821FE96B500F3AD29 /* UIColorExtension.swift */ = {isa = PBXFileReference; lastKnownFileType = sourcecode.swift; path = UIColorExtension.swift; sourceTree = "<group>"; };
		9238827A21FE9B0100F3AD29 /* FilledButton.swift */ = {isa = PBXFileReference; lastKnownFileType = sourcecode.swift; path = FilledButton.swift; sourceTree = "<group>"; };
		9238827C21FEA1C800F3AD29 /* Utility.swift */ = {isa = PBXFileReference; lastKnownFileType = sourcecode.swift; path = Utility.swift; sourceTree = "<group>"; };
		92758D4221F2C63A00E06465 /* Huddle.app */ = {isa = PBXFileReference; explicitFileType = wrapper.application; includeInIndex = 0; path = Huddle.app; sourceTree = BUILT_PRODUCTS_DIR; };
		92758D4521F2C63A00E06465 /* AppDelegate.swift */ = {isa = PBXFileReference; lastKnownFileType = sourcecode.swift; path = AppDelegate.swift; sourceTree = "<group>"; };
		92758D4C21F2C63B00E06465 /* Assets.xcassets */ = {isa = PBXFileReference; lastKnownFileType = folder.assetcatalog; path = Assets.xcassets; sourceTree = "<group>"; };
		92758D4F21F2C63B00E06465 /* Base */ = {isa = PBXFileReference; lastKnownFileType = file.storyboard; name = Base; path = Base.lproj/LaunchScreen.storyboard; sourceTree = "<group>"; };
		92758D5121F2C63B00E06465 /* Info.plist */ = {isa = PBXFileReference; lastKnownFileType = text.plist.xml; path = Info.plist; sourceTree = "<group>"; };
		92758D6121F2D01A00E06465 /* ModelPlaceholderFile */ = {isa = PBXFileReference; lastKnownFileType = text; path = ModelPlaceholderFile; sourceTree = "<group>"; };
		92758D6721F2E8B800E06465 /* EventView.swift */ = {isa = PBXFileReference; lastKnownFileType = sourcecode.swift; path = EventView.swift; sourceTree = "<group>"; };
		92758D8821F2F54C00E06465 /* CalendarTableViewCell.swift */ = {isa = PBXFileReference; lastKnownFileType = sourcecode.swift; path = CalendarTableViewCell.swift; sourceTree = "<group>"; };
		92758D8B21F2F8D600E06465 /* TextPlaceholderView.swift */ = {isa = PBXFileReference; lastKnownFileType = sourcecode.swift; path = TextPlaceholderView.swift; sourceTree = "<group>"; };
		927A23192205431C00CA9041 /* ProfilePhotoEditorView.swift */ = {isa = PBXFileReference; lastKnownFileType = sourcecode.swift; path = ProfilePhotoEditorView.swift; sourceTree = "<group>"; };
		927A233B2205705200CA9041 /* UIImageViewExtension.swift */ = {isa = PBXFileReference; lastKnownFileType = sourcecode.swift; path = UIImageViewExtension.swift; sourceTree = "<group>"; };
		927A2347220590DF00CA9041 /* ImageOptionsGiver.swift */ = {isa = PBXFileReference; lastKnownFileType = sourcecode.swift; path = ImageOptionsGiver.swift; sourceTree = "<group>"; };
		92AFFCEC2202DCD00076F575 /* ProfileEditorViewController.swift */ = {isa = PBXFileReference; lastKnownFileType = sourcecode.swift; path = ProfileEditorViewController.swift; sourceTree = "<group>"; };
		92AFFCEE2202E5EB0076F575 /* TitledTextFieldTableViewCell.swift */ = {isa = PBXFileReference; lastKnownFileType = sourcecode.swift; path = TitledTextFieldTableViewCell.swift; sourceTree = "<group>"; };
		92AFFCF8220396AD0076F575 /* ProfilePhotoEditorView.xib */ = {isa = PBXFileReference; lastKnownFileType = file.xib; name = ProfilePhotoEditorView.xib; path = Huddle/View/ProfilePhotoEditorView.xib; sourceTree = SOURCE_ROOT; };
		92BCA40521FE90E8003DB8A5 /* PleaseWaitView.swift */ = {isa = PBXFileReference; lastKnownFileType = sourcecode.swift; path = PleaseWaitView.swift; sourceTree = "<group>"; };
		92BFC32E21F6E33100BE4FEE /* EndPointType.swift */ = {isa = PBXFileReference; lastKnownFileType = sourcecode.swift; path = EndPointType.swift; sourceTree = "<group>"; };
		92BFC33021F6E38D00BE4FEE /* HTTPMethod.swift */ = {isa = PBXFileReference; lastKnownFileType = sourcecode.swift; path = HTTPMethod.swift; sourceTree = "<group>"; };
		92BFC33221F6E3D600BE4FEE /* HTTPTask.swift */ = {isa = PBXFileReference; lastKnownFileType = sourcecode.swift; path = HTTPTask.swift; sourceTree = "<group>"; };
		92BFC33521F6E4C300BE4FEE /* ParameterEncoding.swift */ = {isa = PBXFileReference; lastKnownFileType = sourcecode.swift; path = ParameterEncoding.swift; sourceTree = "<group>"; };
		92BFC33721F6E58500BE4FEE /* URLParameterEncoder.swift */ = {isa = PBXFileReference; lastKnownFileType = sourcecode.swift; path = URLParameterEncoder.swift; sourceTree = "<group>"; };
		92BFC33921F6E82800BE4FEE /* JSONParameterEncoder.swift */ = {isa = PBXFileReference; lastKnownFileType = sourcecode.swift; path = JSONParameterEncoder.swift; sourceTree = "<group>"; };
		92BFC33D21F6EA4D00BE4FEE /* Router.swift */ = {isa = PBXFileReference; lastKnownFileType = sourcecode.swift; path = Router.swift; sourceTree = "<group>"; };
		92BFC34021F6ED7B00BE4FEE /* NetworkLogger.swift */ = {isa = PBXFileReference; lastKnownFileType = sourcecode.swift; path = NetworkLogger.swift; sourceTree = "<group>"; };
		92BFC34321F6EDB400BE4FEE /* NetworkEnvironment.swift */ = {isa = PBXFileReference; lastKnownFileType = sourcecode.swift; path = NetworkEnvironment.swift; sourceTree = "<group>"; };
		92BFC34521F6EFDA00BE4FEE /* NetworkManager.swift */ = {isa = PBXFileReference; lastKnownFileType = sourcecode.swift; path = NetworkManager.swift; sourceTree = "<group>"; };
		92D605BB21F6B3DF006916EE /* DrawCode.swift */ = {isa = PBXFileReference; fileEncoding = 4; lastKnownFileType = sourcecode.swift; path = DrawCode.swift; sourceTree = "<group>"; };
		92D6944922069A6500A9013E /* DetailedProfilePhotoView.xib */ = {isa = PBXFileReference; lastKnownFileType = file.xib; path = DetailedProfilePhotoView.xib; sourceTree = "<group>"; };
		92D6944B22069A8300A9013E /* DetailedProfilePhotoView.swift */ = {isa = PBXFileReference; lastKnownFileType = sourcecode.swift; path = DetailedProfilePhotoView.swift; sourceTree = "<group>"; };
		92D6946D220AC3EA00A9013E /* Member.swift */ = {isa = PBXFileReference; lastKnownFileType = sourcecode.swift; path = Member.swift; sourceTree = "<group>"; };
		92D9A1AF21FD6D0400B3E499 /* LoginViewController.swift */ = {isa = PBXFileReference; fileEncoding = 4; lastKnownFileType = sourcecode.swift; path = LoginViewController.swift; sourceTree = "<group>"; };
		92D9A1B021FD6D0400B3E499 /* CalendarViewController.swift */ = {isa = PBXFileReference; fileEncoding = 4; lastKnownFileType = sourcecode.swift; path = CalendarViewController.swift; sourceTree = "<group>"; };
		92D9A1B121FD6D0400B3E499 /* RegisterViewController.swift */ = {isa = PBXFileReference; fileEncoding = 4; lastKnownFileType = sourcecode.swift; path = RegisterViewController.swift; sourceTree = "<group>"; };
		92D9A1B221FD6D0400B3E499 /* BaseViewController.swift */ = {isa = PBXFileReference; fileEncoding = 4; lastKnownFileType = sourcecode.swift; path = BaseViewController.swift; sourceTree = "<group>"; };
		92F8E290220D3F3C009BC667 /* ResetPasswordViewController.swift */ = {isa = PBXFileReference; lastKnownFileType = sourcecode.swift; path = ResetPasswordViewController.swift; sourceTree = "<group>"; };
		92F8E292220D4025009BC667 /* ButtonTableViewCell.swift */ = {isa = PBXFileReference; lastKnownFileType = sourcecode.swift; path = ButtonTableViewCell.swift; sourceTree = "<group>"; };
		92F8E294220D46B6009BC667 /* TextFieldTableViewCell.swift */ = {isa = PBXFileReference; lastKnownFileType = sourcecode.swift; path = TextFieldTableViewCell.swift; sourceTree = "<group>"; };
		E59EA8E32216757F00A6F027 /* GroupHeaderView.swift */ = {isa = PBXFileReference; fileEncoding = 4; lastKnownFileType = sourcecode.swift; path = GroupHeaderView.swift; sourceTree = "<group>"; };
		E59EA8E42216758000A6F027 /* GroupHeaderView.xib */ = {isa = PBXFileReference; fileEncoding = 4; lastKnownFileType = file.xib; path = GroupHeaderView.xib; sourceTree = "<group>"; };
		E59EA8E7221675B000A6F027 /* GroupViewController.swift */ = {isa = PBXFileReference; fileEncoding = 4; lastKnownFileType = sourcecode.swift; path = GroupViewController.swift; sourceTree = "<group>"; };
		E59EA8E8221675B000A6F027 /* GroupMembersViewController.swift */ = {isa = PBXFileReference; fileEncoding = 4; lastKnownFileType = sourcecode.swift; path = GroupMembersViewController.swift; sourceTree = "<group>"; };
		E59EA8EB2216762700A6F027 /* Event.swift */ = {isa = PBXFileReference; fileEncoding = 4; lastKnownFileType = sourcecode.swift; path = Event.swift; sourceTree = "<group>"; };
		E5F6E181221CE66100978CF5 /* GroupEditorViewController.swift */ = {isa = PBXFileReference; lastKnownFileType = sourcecode.swift; path = GroupEditorViewController.swift; sourceTree = "<group>"; };
		E5F6E183221D0FBD00978CF5 /* CategoryViewController.swift */ = {isa = PBXFileReference; lastKnownFileType = sourcecode.swift; path = CategoryViewController.swift; sourceTree = "<group>"; };
		E5FE13B9220BDA530040C592 /* FilledButtonTableViewCell.swift */ = {isa = PBXFileReference; lastKnownFileType = sourcecode.swift; path = FilledButtonTableViewCell.swift; sourceTree = "<group>"; };
/* End PBXFileReference section */

/* Begin PBXFrameworksBuildPhase section */
		92758D3F21F2C63A00E06465 /* Frameworks */ = {
			isa = PBXFrameworksBuildPhase;
			buildActionMask = 2147483647;
			files = (
			);
			runOnlyForDeploymentPostprocessing = 0;
		};
/* End PBXFrameworksBuildPhase section */

/* Begin PBXGroup section */
		9238827121FE929E00F3AD29 /* Alert Presenters */ = {
			isa = PBXGroup;
			children = (
				9238827221FE929E00F3AD29 /* DestructiveConfirmationPresenter.swift */,
				9238827321FE929E00F3AD29 /* ConfirmationPresenter.swift */,
				9238827421FE929E00F3AD29 /* OkPresenter.swift */,
			);
			path = "Alert Presenters";
			sourceTree = "<group>";
		};
		92758D3921F2C63A00E06465 = {
			isa = PBXGroup;
			children = (
				92758D4421F2C63A00E06465 /* Huddle */,
				92758D4321F2C63A00E06465 /* Products */,
			);
			sourceTree = "<group>";
		};
		92758D4321F2C63A00E06465 /* Products */ = {
			isa = PBXGroup;
			children = (
				92758D4221F2C63A00E06465 /* Huddle.app */,
			);
			name = Products;
			sourceTree = "<group>";
		};
		92758D4421F2C63A00E06465 /* Huddle */ = {
			isa = PBXGroup;
			children = (
				92758D5721F2C6AA00E06465 /* Application */,
				92758D5A21F2C93C00E06465 /* Model */,
				92758D5B21F2C94500E06465 /* View */,
				92758D5821F2C86000E06465 /* Controller */,
				92758D5C21F2C96200E06465 /* Networking */,
				92758D4C21F2C63B00E06465 /* Assets.xcassets */,
			);
			path = Huddle;
			sourceTree = "<group>";
		};
		92758D5721F2C6AA00E06465 /* Application */ = {
			isa = PBXGroup;
			children = (
				92758D5121F2C63B00E06465 /* Info.plist */,
				92758D4E21F2C63B00E06465 /* LaunchScreen.storyboard */,
				92758D4521F2C63A00E06465 /* AppDelegate.swift */,
				9238827C21FEA1C800F3AD29 /* Utility.swift */,
			);
			path = Application;
			sourceTree = "<group>";
		};
		92758D5821F2C86000E06465 /* Controller */ = {
			isa = PBXGroup;
			children = (
				9238827121FE929E00F3AD29 /* Alert Presenters */,
				92D9A1B221FD6D0400B3E499 /* BaseViewController.swift */,
				E59EA8E7221675B000A6F027 /* GroupViewController.swift */,
				E5F6E181221CE66100978CF5 /* GroupEditorViewController.swift */,
				E59EA8E8221675B000A6F027 /* GroupMembersViewController.swift */,
				92D9A1B021FD6D0400B3E499 /* CalendarViewController.swift */,
				92233103220299E300302E77 /* ProfileViewController.swift */,
				92AFFCEC2202DCD00076F575 /* ProfileEditorViewController.swift */,
				92D9A1AF21FD6D0400B3E499 /* LoginViewController.swift */,
				92F8E290220D3F3C009BC667 /* ResetPasswordViewController.swift */,
				92D9A1B121FD6D0400B3E499 /* RegisterViewController.swift */,
				922E80272203AD0400B797A2 /* TextViewController.swift */,
				922E80292203B38200B797A2 /* ChooseLocationViewController.swift */,
				927A2347220590DF00CA9041 /* ImageOptionsGiver.swift */,
				E5F6E183221D0FBD00978CF5 /* CategoryViewController.swift */,
			);
			path = Controller;
			sourceTree = "<group>";
		};
		92758D5A21F2C93C00E06465 /* Model */ = {
			isa = PBXGroup;
			children = (
				E59EA8EB2216762700A6F027 /* Event.swift */,
				92758D6121F2D01A00E06465 /* ModelPlaceholderFile */,
				92D6946D220AC3EA00A9013E /* Member.swift */,
				920D55892215005E005A839D /* Group.swift */,
				920D55872214F843005A839D /* NamedLocation.swift */,
				920D559022150E06005A839D /* Category.swift */,
			);
			path = Model;
			sourceTree = "<group>";
		};
		92758D5B21F2C94500E06465 /* View */ = {
			isa = PBXGroup;
			children = (
				920D55982217A29E005A839D /* UIViewExtension.swift */,
				E59EA8E32216757F00A6F027 /* GroupHeaderView.swift */,
				E59EA8E42216758000A6F027 /* GroupHeaderView.xib */,
				92D605BB21F6B3DF006916EE /* DrawCode.swift */,
				9238827821FE96B500F3AD29 /* UIColorExtension.swift */,
				927A233B2205705200CA9041 /* UIImageViewExtension.swift */,
				92D6944B22069A8300A9013E /* DetailedProfilePhotoView.swift */,
				92D6944922069A6500A9013E /* DetailedProfilePhotoView.xib */,
				927A23192205431C00CA9041 /* ProfilePhotoEditorView.swift */,
				92AFFCF8220396AD0076F575 /* ProfilePhotoEditorView.xib */,
				92BCA40521FE90E8003DB8A5 /* PleaseWaitView.swift */,
				92758D6721F2E8B800E06465 /* EventView.swift */,
				9238827A21FE9B0100F3AD29 /* FilledButton.swift */,
				92758D8A21F2F8B300E06465 /* Placeholders */,
				92758D8721F2F52200E06465 /* TableViewCells */,
			);
			path = View;
			sourceTree = "<group>";
		};
		92758D5C21F2C96200E06465 /* Networking */ = {
			isa = PBXGroup;
			children = (
				92BFC34221F6ED9100BE4FEE /* EndPoint */,
				92BFC33F21F6ED6E00BE4FEE /* Manager */,
				92BFC33421F6E4AD00BE4FEE /* Encoding */,
				92BFC32D21F6E31E00BE4FEE /* Service */,
			);
			path = Networking;
			sourceTree = "<group>";
		};
		92758D8721F2F52200E06465 /* TableViewCells */ = {
			isa = PBXGroup;
			children = (
				92758D8821F2F54C00E06465 /* CalendarTableViewCell.swift */,
				92AFFCEE2202E5EB0076F575 /* TitledTextFieldTableViewCell.swift */,
				E5FE13B9220BDA530040C592 /* FilledButtonTableViewCell.swift */,
				92F8E292220D4025009BC667 /* ButtonTableViewCell.swift */,
				92F8E294220D46B6009BC667 /* TextFieldTableViewCell.swift */,
			);
			path = TableViewCells;
			sourceTree = "<group>";
		};
		92758D8A21F2F8B300E06465 /* Placeholders */ = {
			isa = PBXGroup;
			children = (
				92758D8B21F2F8D600E06465 /* TextPlaceholderView.swift */,
			);
			path = Placeholders;
			sourceTree = "<group>";
		};
		92BFC32D21F6E31E00BE4FEE /* Service */ = {
			isa = PBXGroup;
			children = (
				92BFC32E21F6E33100BE4FEE /* EndPointType.swift */,
				92BFC33D21F6EA4D00BE4FEE /* Router.swift */,
				92BFC33021F6E38D00BE4FEE /* HTTPMethod.swift */,
				92BFC33221F6E3D600BE4FEE /* HTTPTask.swift */,
				92BFC34021F6ED7B00BE4FEE /* NetworkLogger.swift */,
			);
			path = Service;
			sourceTree = "<group>";
		};
		92BFC33421F6E4AD00BE4FEE /* Encoding */ = {
			isa = PBXGroup;
			children = (
				920D559422155432005A839D /* Media.swift */,
				92BFC33521F6E4C300BE4FEE /* ParameterEncoding.swift */,
				92BFC33721F6E58500BE4FEE /* URLParameterEncoder.swift */,
				92BFC33921F6E82800BE4FEE /* JSONParameterEncoder.swift */,
				920D559222154CE0005A839D /* FormParameterEncoder.swift */,
			);
			path = Encoding;
			sourceTree = "<group>";
		};
		92BFC33F21F6ED6E00BE4FEE /* Manager */ = {
			isa = PBXGroup;
			children = (
				92BFC34521F6EFDA00BE4FEE /* NetworkManager.swift */,
			);
			path = Manager;
			sourceTree = "<group>";
		};
		92BFC34221F6ED9100BE4FEE /* EndPoint */ = {
			isa = PBXGroup;
			children = (
				92BFC34321F6EDB400BE4FEE /* NetworkEnvironment.swift */,
			);
			path = EndPoint;
			sourceTree = "<group>";
		};
/* End PBXGroup section */

/* Begin PBXNativeTarget section */
		92758D4121F2C63A00E06465 /* Huddle */ = {
			isa = PBXNativeTarget;
			buildConfigurationList = 92758D5421F2C63B00E06465 /* Build configuration list for PBXNativeTarget "Huddle" */;
			buildPhases = (
				92758D3E21F2C63A00E06465 /* Sources */,
				92758D3F21F2C63A00E06465 /* Frameworks */,
				92758D4021F2C63A00E06465 /* Resources */,
			);
			buildRules = (
			);
			dependencies = (
			);
			name = Huddle;
			productName = Huddle;
			productReference = 92758D4221F2C63A00E06465 /* Huddle.app */;
			productType = "com.apple.product-type.application";
		};
/* End PBXNativeTarget section */

/* Begin PBXProject section */
		92758D3A21F2C63A00E06465 /* Project object */ = {
			isa = PBXProject;
			attributes = {
				LastSwiftUpdateCheck = 1010;
				LastUpgradeCheck = 1010;
				ORGANIZATIONNAME = "Dan Mitu";
				TargetAttributes = {
					92758D4121F2C63A00E06465 = {
						CreatedOnToolsVersion = 10.1;
					};
				};
			};
			buildConfigurationList = 92758D3D21F2C63A00E06465 /* Build configuration list for PBXProject "Huddle" */;
			compatibilityVersion = "Xcode 9.3";
			developmentRegion = en;
			hasScannedForEncodings = 0;
			knownRegions = (
				en,
				Base,
			);
			mainGroup = 92758D3921F2C63A00E06465;
			productRefGroup = 92758D4321F2C63A00E06465 /* Products */;
			projectDirPath = "";
			projectRoot = "";
			targets = (
				92758D4121F2C63A00E06465 /* Huddle */,
			);
		};
/* End PBXProject section */

/* Begin PBXResourcesBuildPhase section */
		92758D4021F2C63A00E06465 /* Resources */ = {
			isa = PBXResourcesBuildPhase;
			buildActionMask = 2147483647;
			files = (
				92D6944A22069A6500A9013E /* DetailedProfilePhotoView.xib in Resources */,
				92AFFCF9220396AD0076F575 /* ProfilePhotoEditorView.xib in Resources */,
				92758D6221F2D01A00E06465 /* ModelPlaceholderFile in Resources */,
				92758D5021F2C63B00E06465 /* LaunchScreen.storyboard in Resources */,
				92758D4D21F2C63B00E06465 /* Assets.xcassets in Resources */,
				E59EA8E62216758000A6F027 /* GroupHeaderView.xib in Resources */,
			);
			runOnlyForDeploymentPostprocessing = 0;
		};
/* End PBXResourcesBuildPhase section */

/* Begin PBXSourcesBuildPhase section */
		92758D3E21F2C63A00E06465 /* Sources */ = {
			isa = PBXSourcesBuildPhase;
			buildActionMask = 2147483647;
			files = (
				E5FE13BA220BDA530040C592 /* FilledButtonTableViewCell.swift in Sources */,
				92F8E291220D3F3C009BC667 /* ResetPasswordViewController.swift in Sources */,
				9238827D21FEA1C800F3AD29 /* Utility.swift in Sources */,
				E5F6E182221CE66100978CF5 /* GroupEditorViewController.swift in Sources */,
				9238827721FE929E00F3AD29 /* OkPresenter.swift in Sources */,
				E59EA8EA221675B000A6F027 /* GroupMembersViewController.swift in Sources */,
				92BFC34121F6ED7B00BE4FEE /* NetworkLogger.swift in Sources */,
				92BFC32F21F6E33100BE4FEE /* EndPointType.swift in Sources */,
				92AFFCEF2202E5EB0076F575 /* TitledTextFieldTableViewCell.swift in Sources */,
				922E80282203AD0400B797A2 /* TextViewController.swift in Sources */,
				92D9A1B521FD6D0400B3E499 /* CalendarViewController.swift in Sources */,
				92F8E295220D46B6009BC667 /* TextFieldTableViewCell.swift in Sources */,
				92BFC34421F6EDB400BE4FEE /* NetworkEnvironment.swift in Sources */,
				92D9A1B721FD6D0400B3E499 /* BaseViewController.swift in Sources */,
				92D605BC21F6B3DF006916EE /* DrawCode.swift in Sources */,
				9238827521FE929E00F3AD29 /* DestructiveConfirmationPresenter.swift in Sources */,
				920D559522155432005A839D /* Media.swift in Sources */,
				E59EA8E52216758000A6F027 /* GroupHeaderView.swift in Sources */,
				920D55882214F843005A839D /* NamedLocation.swift in Sources */,
				92758D4621F2C63A00E06465 /* AppDelegate.swift in Sources */,
				92BCA40621FE90E8003DB8A5 /* PleaseWaitView.swift in Sources */,
				920D55992217A29E005A839D /* UIViewExtension.swift in Sources */,
				92BFC33A21F6E82800BE4FEE /* JSONParameterEncoder.swift in Sources */,
				9238827B21FE9B0100F3AD29 /* FilledButton.swift in Sources */,
				92233104220299E300302E77 /* ProfileViewController.swift in Sources */,
				92BFC33621F6E4C300BE4FEE /* ParameterEncoding.swift in Sources */,
				920D558A2215005E005A839D /* Group.swift in Sources */,
				92D6946E220AC3EA00A9013E /* Member.swift in Sources */,
				E59EA8E9221675B000A6F027 /* GroupViewController.swift in Sources */,
				92BFC33E21F6EA4D00BE4FEE /* Router.swift in Sources */,
				92D9A1B621FD6D0400B3E499 /* RegisterViewController.swift in Sources */,
				927A2348220590DF00CA9041 /* ImageOptionsGiver.swift in Sources */,
				927A231A2205431C00CA9041 /* ProfilePhotoEditorView.swift in Sources */,
				927A233C2205705200CA9041 /* UIImageViewExtension.swift in Sources */,
				92BFC34621F6EFDA00BE4FEE /* NetworkManager.swift in Sources */,
				92BFC33121F6E38D00BE4FEE /* HTTPMethod.swift in Sources */,
				E5F6E184221D0FBD00978CF5 /* CategoryViewController.swift in Sources */,
				920D559322154CE0005A839D /* FormParameterEncoder.swift in Sources */,
				92F8E293220D4025009BC667 /* ButtonTableViewCell.swift in Sources */,
				9238827621FE929E00F3AD29 /* ConfirmationPresenter.swift in Sources */,
				92D6944C22069A8300A9013E /* DetailedProfilePhotoView.swift in Sources */,
				92BFC33321F6E3D600BE4FEE /* HTTPTask.swift in Sources */,
				92BFC33821F6E58500BE4FEE /* URLParameterEncoder.swift in Sources */,
				E59EA8EC2216762700A6F027 /* Event.swift in Sources */,
				9238827921FE96B500F3AD29 /* UIColorExtension.swift in Sources */,
				92D9A1B421FD6D0400B3E499 /* LoginViewController.swift in Sources */,
				92AFFCED2202DCD00076F575 /* ProfileEditorViewController.swift in Sources */,
				92758D8C21F2F8D600E06465 /* TextPlaceholderView.swift in Sources */,
				922E802A2203B38200B797A2 /* ChooseLocationViewController.swift in Sources */,
				92758D8921F2F54C00E06465 /* CalendarTableViewCell.swift in Sources */,
				92758D6821F2E8B800E06465 /* EventView.swift in Sources */,
				920D559122150E06005A839D /* Category.swift in Sources */,
			);
			runOnlyForDeploymentPostprocessing = 0;
		};
/* End PBXSourcesBuildPhase section */

/* Begin PBXVariantGroup section */
		92758D4E21F2C63B00E06465 /* LaunchScreen.storyboard */ = {
			isa = PBXVariantGroup;
			children = (
				92758D4F21F2C63B00E06465 /* Base */,
			);
			name = LaunchScreen.storyboard;
			sourceTree = "<group>";
		};
/* End PBXVariantGroup section */

/* Begin XCBuildConfiguration section */
		92758D5221F2C63B00E06465 /* Debug */ = {
			isa = XCBuildConfiguration;
			buildSettings = {
				ALWAYS_SEARCH_USER_PATHS = NO;
				CLANG_ANALYZER_NONNULL = YES;
				CLANG_ANALYZER_NUMBER_OBJECT_CONVERSION = YES_AGGRESSIVE;
				CLANG_CXX_LANGUAGE_STANDARD = "gnu++14";
				CLANG_CXX_LIBRARY = "libc++";
				CLANG_ENABLE_MODULES = YES;
				CLANG_ENABLE_OBJC_ARC = YES;
				CLANG_ENABLE_OBJC_WEAK = YES;
				CLANG_WARN_BLOCK_CAPTURE_AUTORELEASING = YES;
				CLANG_WARN_BOOL_CONVERSION = YES;
				CLANG_WARN_COMMA = YES;
				CLANG_WARN_CONSTANT_CONVERSION = YES;
				CLANG_WARN_DEPRECATED_OBJC_IMPLEMENTATIONS = YES;
				CLANG_WARN_DIRECT_OBJC_ISA_USAGE = YES_ERROR;
				CLANG_WARN_DOCUMENTATION_COMMENTS = YES;
				CLANG_WARN_EMPTY_BODY = YES;
				CLANG_WARN_ENUM_CONVERSION = YES;
				CLANG_WARN_INFINITE_RECURSION = YES;
				CLANG_WARN_INT_CONVERSION = YES;
				CLANG_WARN_NON_LITERAL_NULL_CONVERSION = YES;
				CLANG_WARN_OBJC_IMPLICIT_RETAIN_SELF = YES;
				CLANG_WARN_OBJC_LITERAL_CONVERSION = YES;
				CLANG_WARN_OBJC_ROOT_CLASS = YES_ERROR;
				CLANG_WARN_RANGE_LOOP_ANALYSIS = YES;
				CLANG_WARN_STRICT_PROTOTYPES = YES;
				CLANG_WARN_SUSPICIOUS_MOVE = YES;
				CLANG_WARN_UNGUARDED_AVAILABILITY = YES_AGGRESSIVE;
				CLANG_WARN_UNREACHABLE_CODE = YES;
				CLANG_WARN__DUPLICATE_METHOD_MATCH = YES;
				CODE_SIGN_IDENTITY = "iPhone Developer";
				COPY_PHASE_STRIP = NO;
				DEBUG_INFORMATION_FORMAT = dwarf;
				ENABLE_STRICT_OBJC_MSGSEND = YES;
				ENABLE_TESTABILITY = YES;
				GCC_C_LANGUAGE_STANDARD = gnu11;
				GCC_DYNAMIC_NO_PIC = NO;
				GCC_NO_COMMON_BLOCKS = YES;
				GCC_OPTIMIZATION_LEVEL = 0;
				GCC_PREPROCESSOR_DEFINITIONS = (
					"DEBUG=1",
					"$(inherited)",
				);
				GCC_WARN_64_TO_32_BIT_CONVERSION = YES;
				GCC_WARN_ABOUT_RETURN_TYPE = YES_ERROR;
				GCC_WARN_UNDECLARED_SELECTOR = YES;
				GCC_WARN_UNINITIALIZED_AUTOS = YES_AGGRESSIVE;
				GCC_WARN_UNUSED_FUNCTION = YES;
				GCC_WARN_UNUSED_VARIABLE = YES;
				IPHONEOS_DEPLOYMENT_TARGET = 12.1;
				MTL_ENABLE_DEBUG_INFO = INCLUDE_SOURCE;
				MTL_FAST_MATH = YES;
				ONLY_ACTIVE_ARCH = YES;
				SDKROOT = iphoneos;
				SWIFT_ACTIVE_COMPILATION_CONDITIONS = DEBUG;
				SWIFT_OPTIMIZATION_LEVEL = "-Onone";
			};
			name = Debug;
		};
		92758D5321F2C63B00E06465 /* Release */ = {
			isa = XCBuildConfiguration;
			buildSettings = {
				ALWAYS_SEARCH_USER_PATHS = NO;
				CLANG_ANALYZER_NONNULL = YES;
				CLANG_ANALYZER_NUMBER_OBJECT_CONVERSION = YES_AGGRESSIVE;
				CLANG_CXX_LANGUAGE_STANDARD = "gnu++14";
				CLANG_CXX_LIBRARY = "libc++";
				CLANG_ENABLE_MODULES = YES;
				CLANG_ENABLE_OBJC_ARC = YES;
				CLANG_ENABLE_OBJC_WEAK = YES;
				CLANG_WARN_BLOCK_CAPTURE_AUTORELEASING = YES;
				CLANG_WARN_BOOL_CONVERSION = YES;
				CLANG_WARN_COMMA = YES;
				CLANG_WARN_CONSTANT_CONVERSION = YES;
				CLANG_WARN_DEPRECATED_OBJC_IMPLEMENTATIONS = YES;
				CLANG_WARN_DIRECT_OBJC_ISA_USAGE = YES_ERROR;
				CLANG_WARN_DOCUMENTATION_COMMENTS = YES;
				CLANG_WARN_EMPTY_BODY = YES;
				CLANG_WARN_ENUM_CONVERSION = YES;
				CLANG_WARN_INFINITE_RECURSION = YES;
				CLANG_WARN_INT_CONVERSION = YES;
				CLANG_WARN_NON_LITERAL_NULL_CONVERSION = YES;
				CLANG_WARN_OBJC_IMPLICIT_RETAIN_SELF = YES;
				CLANG_WARN_OBJC_LITERAL_CONVERSION = YES;
				CLANG_WARN_OBJC_ROOT_CLASS = YES_ERROR;
				CLANG_WARN_RANGE_LOOP_ANALYSIS = YES;
				CLANG_WARN_STRICT_PROTOTYPES = YES;
				CLANG_WARN_SUSPICIOUS_MOVE = YES;
				CLANG_WARN_UNGUARDED_AVAILABILITY = YES_AGGRESSIVE;
				CLANG_WARN_UNREACHABLE_CODE = YES;
				CLANG_WARN__DUPLICATE_METHOD_MATCH = YES;
				CODE_SIGN_IDENTITY = "iPhone Developer";
				COPY_PHASE_STRIP = NO;
				DEBUG_INFORMATION_FORMAT = "dwarf-with-dsym";
				ENABLE_NS_ASSERTIONS = NO;
				ENABLE_STRICT_OBJC_MSGSEND = YES;
				GCC_C_LANGUAGE_STANDARD = gnu11;
				GCC_NO_COMMON_BLOCKS = YES;
				GCC_WARN_64_TO_32_BIT_CONVERSION = YES;
				GCC_WARN_ABOUT_RETURN_TYPE = YES_ERROR;
				GCC_WARN_UNDECLARED_SELECTOR = YES;
				GCC_WARN_UNINITIALIZED_AUTOS = YES_AGGRESSIVE;
				GCC_WARN_UNUSED_FUNCTION = YES;
				GCC_WARN_UNUSED_VARIABLE = YES;
				IPHONEOS_DEPLOYMENT_TARGET = 12.1;
				MTL_ENABLE_DEBUG_INFO = NO;
				MTL_FAST_MATH = YES;
				SDKROOT = iphoneos;
				SWIFT_COMPILATION_MODE = wholemodule;
				SWIFT_OPTIMIZATION_LEVEL = "-O";
				VALIDATE_PRODUCT = YES;
			};
			name = Release;
		};
		92758D5521F2C63B00E06465 /* Debug */ = {
			isa = XCBuildConfiguration;
			buildSettings = {
				ASSETCATALOG_COMPILER_APPICON_NAME = AppIcon;
				CODE_SIGN_STYLE = Automatic;
				DEVELOPMENT_TEAM = DR8NB2Y6C4;
				INFOPLIST_FILE = "$(SRCROOT)/Huddle/Application/Info.plist";
				LD_RUNPATH_SEARCH_PATHS = (
					"$(inherited)",
					"@executable_path/Frameworks",
				);
				PRODUCT_BUNDLE_IDENTIFIER = dpm.Huddle;
				PRODUCT_NAME = "$(TARGET_NAME)";
				SWIFT_VERSION = 4.2;
				TARGETED_DEVICE_FAMILY = "1,2";
			};
			name = Debug;
		};
		92758D5621F2C63B00E06465 /* Release */ = {
			isa = XCBuildConfiguration;
			buildSettings = {
				ASSETCATALOG_COMPILER_APPICON_NAME = AppIcon;
				CODE_SIGN_STYLE = Automatic;
				DEVELOPMENT_TEAM = DR8NB2Y6C4;
				INFOPLIST_FILE = "$(SRCROOT)/Huddle/Application/Info.plist";
				LD_RUNPATH_SEARCH_PATHS = (
					"$(inherited)",
					"@executable_path/Frameworks",
				);
				PRODUCT_BUNDLE_IDENTIFIER = dpm.Huddle;
				PRODUCT_NAME = "$(TARGET_NAME)";
				SWIFT_VERSION = 4.2;
				TARGETED_DEVICE_FAMILY = "1,2";
			};
			name = Release;
		};
/* End XCBuildConfiguration section */

/* Begin XCConfigurationList section */
		92758D3D21F2C63A00E06465 /* Build configuration list for PBXProject "Huddle" */ = {
			isa = XCConfigurationList;
			buildConfigurations = (
				92758D5221F2C63B00E06465 /* Debug */,
				92758D5321F2C63B00E06465 /* Release */,
			);
			defaultConfigurationIsVisible = 0;
			defaultConfigurationName = Release;
		};
		92758D5421F2C63B00E06465 /* Build configuration list for PBXNativeTarget "Huddle" */ = {
			isa = XCConfigurationList;
			buildConfigurations = (
				92758D5521F2C63B00E06465 /* Debug */,
				92758D5621F2C63B00E06465 /* Release */,
			);
			defaultConfigurationIsVisible = 0;
			defaultConfigurationName = Release;
		};
/* End XCConfigurationList section */
	};
	rootObject = 92758D3A21F2C63A00E06465 /* Project object */;
}
